
Microsoft Visual Studio Solution File, Format Version 12.00
# Visual Studio Version 16
VisualStudioVersion = 16.0.29519.87
MinimumVisualStudioVersion = 10.0.40219.1
Project("{2150E333-8FDC-42A3-9474-1A3956D46DE8}") = "Server", "Server", "{8663B0BF-3BC1-4D7D-AB48-C81C9F9A40B5}"
EndProject
Project("{9A19103F-16F7-4668-BE54-9A1E7A4F7556}") = "CherryPeakTrading.BL.Contracts", "Server\CherryPeakTrading.BusinessLogic.Entities\CherryPeakTrading.BL.Contracts.csproj", "{2B39BA4C-28F5-4D17-B128-57BC8020D06E}"
EndProject
Project("{9A19103F-16F7-4668-BE54-9A1E7A4F7556}") = "CherryPeakTrading.Data.Contracts", "Server\CherryPeakTrading.Data.Contracts\CherryPeakTrading.Data.Contracts.csproj", "{3E06EE66-9990-4780-A0F1-7C1AE39665EF}"
EndProject
Project("{9A19103F-16F7-4668-BE54-9A1E7A4F7556}") = "CherryPeakTrading.API", "Server\CherryPeakTrading.eBiddingAPI\CherryPeakTrading.API.csproj", "{228A71D3-3062-4133-9105-1857AC4D523D}"
EndProject
Project("{9A19103F-16F7-4668-BE54-9A1E7A4F7556}") = "CherryPeakTrading.Infrastructure", "Server\CherryPeakTrading.Infrastructure\CherryPeakTrading.Infrastructure.csproj", "{146CE141-207B-4EC4-BF39-01883D1BDCD0}"
EndProject
Project("{9A19103F-16F7-4668-BE54-9A1E7A4F7556}") = "CherryPeakTrading.BL", "Server\CherryPeakTrading.BL\CherryPeakTrading.BL.csproj", "{A3297144-C4BF-42E6-B098-8B88744C2356}"
EndProject
Project("{9A19103F-16F7-4668-BE54-9A1E7A4F7556}") = "CherryPeakTrading.Data.Repository", "Server\CherryPeakTrading.Data.Repository\CherryPeakTrading.Data.Repository.csproj", "{20F56DC0-47B0-40CE-92E2-EBA3A422C571}"
EndProject
Project("{9A19103F-16F7-4668-BE54-9A1E7A4F7556}") = "CherryPeakTrading.Data.EF", "Server\CherryPeakTrading.Data.EF\CherryPeakTrading.Data.EF.csproj", "{935F74C0-E398-4084-B427-454DA90FFF38}"
EndProject
Project("{9A19103F-16F7-4668-BE54-9A1E7A4F7556}") = "CherryPeakTrading.DI", "Server\CherryPeakTrading.DI\CherryPeakTrading.DI.csproj", "{DEDC6C06-0A7F-4E50-B622-7F0CCE46E36A}"
EndProject
Project("{2150E333-8FDC-42A3-9474-1A3956D46DE8}") = ".Solution Items", ".Solution Items", "{0E3ACE6D-88A9-4DF0-8C5A-CF318A2C558B}"
	ProjectSection(SolutionItems) = preProject
		.editorconfig = .editorconfig
		.gitignore = .gitignore
		CodeMaid.config = CodeMaid.config
		docker-compose.yml = docker-compose.yml
		README.md = README.md
	EndProjectSection
EndProject
Global
	GlobalSection(SolutionConfigurationPlatforms) = preSolution
		Debug|Any CPU = Debug|Any CPU
		Release|Any CPU = Release|Any CPU
	EndGlobalSection
	GlobalSection(ProjectConfigurationPlatforms) = postSolution
		{2B39BA4C-28F5-4D17-B128-57BC8020D06E}.Debug|Any CPU.ActiveCfg = Debug|Any CPU
		{2B39BA4C-28F5-4D17-B128-57BC8020D06E}.Debug|Any CPU.Build.0 = Debug|Any CPU
		{2B39BA4C-28F5-4D17-B128-57BC8020D06E}.Release|Any CPU.ActiveCfg = Release|Any CPU
		{2B39BA4C-28F5-4D17-B128-57BC8020D06E}.Release|Any CPU.Build.0 = Release|Any CPU
		{3E06EE66-9990-4780-A0F1-7C1AE39665EF}.Debug|Any CPU.ActiveCfg = Debug|Any CPU
		{3E06EE66-9990-4780-A0F1-7C1AE39665EF}.Debug|Any CPU.Build.0 = Debug|Any CPU
		{3E06EE66-9990-4780-A0F1-7C1AE39665EF}.Release|Any CPU.ActiveCfg = Release|Any CPU
		{3E06EE66-9990-4780-A0F1-7C1AE39665EF}.Release|Any CPU.Build.0 = Release|Any CPU
		{228A71D3-3062-4133-9105-1857AC4D523D}.Debug|Any CPU.ActiveCfg = Debug|Any CPU
		{228A71D3-3062-4133-9105-1857AC4D523D}.Debug|Any CPU.Build.0 = Debug|Any CPU
		{228A71D3-3062-4133-9105-1857AC4D523D}.Release|Any CPU.ActiveCfg = Release|Any CPU
		{228A71D3-3062-4133-9105-1857AC4D523D}.Release|Any CPU.Build.0 = Release|Any CPU
		{146CE141-207B-4EC4-BF39-01883D1BDCD0}.Debug|Any CPU.ActiveCfg = Debug|Any CPU
		{146CE141-207B-4EC4-BF39-01883D1BDCD0}.Debug|Any CPU.Build.0 = Debug|Any CPU
		{146CE141-207B-4EC4-BF39-01883D1BDCD0}.Release|Any CPU.ActiveCfg = Release|Any CPU
		{146CE141-207B-4EC4-BF39-01883D1BDCD0}.Release|Any CPU.Build.0 = Release|Any CPU
		{A3297144-C4BF-42E6-B098-8B88744C2356}.Debug|Any CPU.ActiveCfg = Debug|Any CPU
		{A3297144-C4BF-42E6-B098-8B88744C2356}.Debug|Any CPU.Build.0 = Debug|Any CPU
		{A3297144-C4BF-42E6-B098-8B88744C2356}.Release|Any CPU.ActiveCfg = Release|Any CPU
		{A3297144-C4BF-42E6-B098-8B88744C2356}.Release|Any CPU.Build.0 = Release|Any CPU
		{20F56DC0-47B0-40CE-92E2-EBA3A422C571}.Debug|Any CPU.ActiveCfg = Debug|Any CPU
		{20F56DC0-47B0-40CE-92E2-EBA3A422C571}.Debug|Any CPU.Build.0 = Debug|Any CPU
		{20F56DC0-47B0-40CE-92E2-EBA3A422C571}.Release|Any CPU.ActiveCfg = Release|Any CPU
		{20F56DC0-47B0-40CE-92E2-EBA3A422C571}.Release|Any CPU.Build.0 = Release|Any CPU
		{935F74C0-E398-4084-B427-454DA90FFF38}.Debug|Any CPU.ActiveCfg = Debug|Any CPU
		{935F74C0-E398-4084-B427-454DA90FFF38}.Debug|Any CPU.Build.0 = Debug|Any CPU
		{935F74C0-E398-4084-B427-454DA90FFF38}.Release|Any CPU.ActiveCfg = Release|Any CPU
		{935F74C0-E398-4084-B427-454DA90FFF38}.Release|Any CPU.Build.0 = Release|Any CPU
		{DEDC6C06-0A7F-4E50-B622-7F0CCE46E36A}.Debug|Any CPU.ActiveCfg = Debug|Any CPU
		{DEDC6C06-0A7F-4E50-B622-7F0CCE46E36A}.Debug|Any CPU.Build.0 = Debug|Any CPU
		{DEDC6C06-0A7F-4E50-B622-7F0CCE46E36A}.Release|Any CPU.ActiveCfg = Release|Any CPU
		{DEDC6C06-0A7F-4E50-B622-7F0CCE46E36A}.Release|Any CPU.Build.0 = Release|Any CPU
	EndGlobalSection
	GlobalSection(SolutionProperties) = preSolution
		HideSolutionNode = FALSE
	EndGlobalSection
	GlobalSection(NestedProjects) = preSolution
		{2B39BA4C-28F5-4D17-B128-57BC8020D06E} = {8663B0BF-3BC1-4D7D-AB48-C81C9F9A40B5}
		{3E06EE66-9990-4780-A0F1-7C1AE39665EF} = {8663B0BF-3BC1-4D7D-AB48-C81C9F9A40B5}
		{228A71D3-3062-4133-9105-1857AC4D523D} = {8663B0BF-3BC1-4D7D-AB48-C81C9F9A40B5}
		{146CE141-207B-4EC4-BF39-01883D1BDCD0} = {8663B0BF-3BC1-4D7D-AB48-C81C9F9A40B5}
		{A3297144-C4BF-42E6-B098-8B88744C2356} = {8663B0BF-3BC1-4D7D-AB48-C81C9F9A40B5}
		{20F56DC0-47B0-40CE-92E2-EBA3A422C571} = {8663B0BF-3BC1-4D7D-AB48-C81C9F9A40B5}
		{935F74C0-E398-4084-B427-454DA90FFF38} = {8663B0BF-3BC1-4D7D-AB48-C81C9F9A40B5}
		{DEDC6C06-0A7F-4E50-B622-7F0CCE46E36A} = {8663B0BF-3BC1-4D7D-AB48-C81C9F9A40B5}
	EndGlobalSection
	GlobalSection(ExtensibilityGlobals) = postSolution
		SolutionGuid = {CA632E38-AD91-47B2-BA43-2D5396FA39BC}
	EndGlobalSection
EndGlobal
