
Microsoft Visual Studio Solution File, Format Version 12.00
# Visual Studio Version 16
VisualStudioVersion = 16.0.29519.87
MinimumVisualStudioVersion = 10.0.40219.1
Project("{2150E333-8FDC-42A3-9474-1A3956D46DE8}") = "Server", "Server", "{8663B0BF-3BC1-4D7D-AB48-C81C9F9A40B5}"
EndProject
Project("{2150E333-8FDC-42A3-9474-1A3956D46DE8}") = ".Solution Items", ".Solution Items", "{0E3ACE6D-88A9-4DF0-8C5A-CF318A2C558B}"
	ProjectSection(SolutionItems) = preProject
		.editorconfig = .editorconfig
		.gitignore = .gitignore
		CodeMaid.config = CodeMaid.config
		docker-compose.yml = docker-compose.yml
		README.md = README.md
	EndProjectSection
EndProject
Project("{2150E333-8FDC-42A3-9474-1A3956D46DE8}") = "API", "API", "{6708523F-0884-4D05-AA6A-1289AB6DD3BD}"
EndProject
Project("{9A19103F-16F7-4668-BE54-9A1E7A4F7556}") = "CherryPeakTrading.DI", "Server\API\CherryPeakTrading.DI\CherryPeakTrading.DI.csproj", "{BB493842-3309-4302-89A7-72CB15921418}"
EndProject
Project("{9A19103F-16F7-4668-BE54-9A1E7A4F7556}") = "CherryPeakTrading.Data.Specifications", "Server\CherryPeakTrading.Data.Specifications\CherryPeakTrading.Data.Specifications.csproj", "{F5C29057-4F4C-4653-A2B4-0811E2D635C1}"
Project("{9A19103F-16F7-4668-BE54-9A1E7A4F7556}") = "CherryPeakTrading.WorkerService", "Server\CherryPeakTrading.WorkerService\CherryPeakTrading.WorkerService.csproj", "{931C82BC-7252-46CA-9A4A-550D00435E63}"
EndProject
Project("{9A19103F-16F7-4668-BE54-9A1E7A4F7556}") = "CherryPeakTrading.API", "Server\API\CherryPeakTrading.eBiddingAPI\CherryPeakTrading.API.csproj", "{4D451DCA-A8E7-43FC-949E-432990C1377F}"
EndProject
Project("{9A19103F-16F7-4668-BE54-9A1E7A4F7556}") = "CherryPeakTrading.API.Models", "Server\API\CherryPeakTrading.eBiddingAPI.Models\CherryPeakTrading.API.Models.csproj", "{62965FB6-2E8A-4773-A48B-C432E3DDF92F}"
EndProject
Project("{2150E333-8FDC-42A3-9474-1A3956D46DE8}") = "BusinessLogic", "BusinessLogic", "{8ED111FE-ABE3-40C9-B35A-E42266290A1E}"
EndProject
Project("{9A19103F-16F7-4668-BE54-9A1E7A4F7556}") = "CherryPeakTrading.BL", "Server\BusinessLogic\CherryPeakTrading.BL\CherryPeakTrading.BL.csproj", "{18F41DBD-E038-4FBC-A139-9886CFEE7621}"
EndProject
Project("{9A19103F-16F7-4668-BE54-9A1E7A4F7556}") = "CherryPeakTrading.BL.Contracts", "Server\BusinessLogic\CherryPeakTrading.BL.Contracts\CherryPeakTrading.BL.Contracts.csproj", "{C0CF8A2A-F5C4-488B-9C1E-D3A0F7034DF7}"
EndProject
Project("{2150E333-8FDC-42A3-9474-1A3956D46DE8}") = "Data", "Data", "{5329BB23-8CB0-4677-A451-C4BF99F5672D}"
EndProject
Project("{9A19103F-16F7-4668-BE54-9A1E7A4F7556}") = "CherryPeakTrading.Data.Contracts", "Server\Data\CherryPeakTrading.Data.Contracts\CherryPeakTrading.Data.Contracts.csproj", "{0B65C31E-E045-4E4E-B78E-8A0E25A834B4}"
EndProject
Project("{9A19103F-16F7-4668-BE54-9A1E7A4F7556}") = "CherryPeakTrading.Data.EF", "Server\Data\CherryPeakTrading.Data.EF\CherryPeakTrading.Data.EF.csproj", "{7FE8CC81-10B9-4D3A-A227-5EBBF3E75ECA}"
EndProject
Project("{9A19103F-16F7-4668-BE54-9A1E7A4F7556}") = "CherryPeakTrading.Data.Repository", "Server\Data\CherryPeakTrading.Data.Repository\CherryPeakTrading.Data.Repository.csproj", "{8D5031FD-9F7C-4A81-BE39-C187FD121F93}"
EndProject
Project("{2150E333-8FDC-42A3-9474-1A3956D46DE8}") = "Infrastructure", "Infrastructure", "{1F1E7367-7D8D-4421-AAD8-6588AAD1CC02}"
EndProject
Project("{9A19103F-16F7-4668-BE54-9A1E7A4F7556}") = "CherryPeakTrading.Infrastructure", "Server\Infrastructure\CherryPeakTrading.Infrastructure\CherryPeakTrading.Infrastructure.csproj", "{23D25A3A-EBC6-4451-993C-8E52AA0DFE4A}"
EndProject
Project("{9A19103F-16F7-4668-BE54-9A1E7A4F7556}") = "CherryPeakTrading.Infrastructure.Contracts", "Server\Infrastructure\CherryPeakTrading.Infrastructure.Contracts\CherryPeakTrading.Infrastructure.Contracts.csproj", "{CA63203B-75DE-4C6F-BD43-6614D0975A01}"
EndProject
Project("{9A19103F-16F7-4668-BE54-9A1E7A4F7556}") = "CherryPeakTrading.Infrastructure.Tests", "Server\Infrastructure\CherryPeakTrading.Infrastructure.Tests\CherryPeakTrading.Infrastructure.Tests.csproj", "{F0CE284C-06B8-4046-9400-C8353438862B}"
EndProject
Project("{FAE04EC0-301F-11D3-BF4B-00C04F79EFBC}") = "CherryPeakTrading.API.Models", "CherryPeakTrading.API.Mod\CherryPeakTrading.API.Models.csproj", "{57A7DEB8-2137-4DE6-A767-02F5CAE875F9}"
EndProject
Project("{FAE04EC0-301F-11D3-BF4B-00C04F79EFBC}") = "CherryPeakTrading.API.Models", "Server\CherryPeakTrading.API.Models\CherryPeakTrading.API.Models.csproj", "{FB8CC497-F214-421F-A431-17D6CBAFF100}"
EndProject
Global
	GlobalSection(SolutionConfigurationPlatforms) = preSolution
		Debug|Any CPU = Debug|Any CPU
		Release|Any CPU = Release|Any CPU
	EndGlobalSection
	GlobalSection(ProjectConfigurationPlatforms) = postSolution
		{BB493842-3309-4302-89A7-72CB15921418}.Debug|Any CPU.ActiveCfg = Debug|Any CPU
		{BB493842-3309-4302-89A7-72CB15921418}.Debug|Any CPU.Build.0 = Debug|Any CPU
		{BB493842-3309-4302-89A7-72CB15921418}.Release|Any CPU.ActiveCfg = Release|Any CPU
		{BB493842-3309-4302-89A7-72CB15921418}.Release|Any CPU.Build.0 = Release|Any CPU
		{931C82BC-7252-46CA-9A4A-550D00435E63}.Debug|Any CPU.ActiveCfg = Debug|Any CPU
		{931C82BC-7252-46CA-9A4A-550D00435E63}.Debug|Any CPU.Build.0 = Debug|Any CPU
		{931C82BC-7252-46CA-9A4A-550D00435E63}.Release|Any CPU.ActiveCfg = Release|Any CPU
		{931C82BC-7252-46CA-9A4A-550D00435E63}.Release|Any CPU.Build.0 = Release|Any CPU
		{4D451DCA-A8E7-43FC-949E-432990C1377F}.Debug|Any CPU.ActiveCfg = Debug|Any CPU
		{4D451DCA-A8E7-43FC-949E-432990C1377F}.Debug|Any CPU.Build.0 = Debug|Any CPU
		{4D451DCA-A8E7-43FC-949E-432990C1377F}.Release|Any CPU.ActiveCfg = Release|Any CPU
		{4D451DCA-A8E7-43FC-949E-432990C1377F}.Release|Any CPU.Build.0 = Release|Any CPU
		{62965FB6-2E8A-4773-A48B-C432E3DDF92F}.Debug|Any CPU.ActiveCfg = Debug|Any CPU
		{62965FB6-2E8A-4773-A48B-C432E3DDF92F}.Debug|Any CPU.Build.0 = Debug|Any CPU
		{62965FB6-2E8A-4773-A48B-C432E3DDF92F}.Release|Any CPU.ActiveCfg = Release|Any CPU
		{62965FB6-2E8A-4773-A48B-C432E3DDF92F}.Release|Any CPU.Build.0 = Release|Any CPU
		{18F41DBD-E038-4FBC-A139-9886CFEE7621}.Debug|Any CPU.ActiveCfg = Debug|Any CPU
		{18F41DBD-E038-4FBC-A139-9886CFEE7621}.Debug|Any CPU.Build.0 = Debug|Any CPU
		{18F41DBD-E038-4FBC-A139-9886CFEE7621}.Release|Any CPU.ActiveCfg = Release|Any CPU
		{18F41DBD-E038-4FBC-A139-9886CFEE7621}.Release|Any CPU.Build.0 = Release|Any CPU
		{C0CF8A2A-F5C4-488B-9C1E-D3A0F7034DF7}.Debug|Any CPU.ActiveCfg = Debug|Any CPU
		{C0CF8A2A-F5C4-488B-9C1E-D3A0F7034DF7}.Debug|Any CPU.Build.0 = Debug|Any CPU
		{C0CF8A2A-F5C4-488B-9C1E-D3A0F7034DF7}.Release|Any CPU.ActiveCfg = Release|Any CPU
		{C0CF8A2A-F5C4-488B-9C1E-D3A0F7034DF7}.Release|Any CPU.Build.0 = Release|Any CPU
		{0B65C31E-E045-4E4E-B78E-8A0E25A834B4}.Debug|Any CPU.ActiveCfg = Debug|Any CPU
		{0B65C31E-E045-4E4E-B78E-8A0E25A834B4}.Debug|Any CPU.Build.0 = Debug|Any CPU
		{0B65C31E-E045-4E4E-B78E-8A0E25A834B4}.Release|Any CPU.ActiveCfg = Release|Any CPU
		{0B65C31E-E045-4E4E-B78E-8A0E25A834B4}.Release|Any CPU.Build.0 = Release|Any CPU
		{7FE8CC81-10B9-4D3A-A227-5EBBF3E75ECA}.Debug|Any CPU.ActiveCfg = Debug|Any CPU
		{7FE8CC81-10B9-4D3A-A227-5EBBF3E75ECA}.Debug|Any CPU.Build.0 = Debug|Any CPU
		{7FE8CC81-10B9-4D3A-A227-5EBBF3E75ECA}.Release|Any CPU.ActiveCfg = Release|Any CPU
		{7FE8CC81-10B9-4D3A-A227-5EBBF3E75ECA}.Release|Any CPU.Build.0 = Release|Any CPU
		{8D5031FD-9F7C-4A81-BE39-C187FD121F93}.Debug|Any CPU.ActiveCfg = Debug|Any CPU
		{8D5031FD-9F7C-4A81-BE39-C187FD121F93}.Debug|Any CPU.Build.0 = Debug|Any CPU
		{8D5031FD-9F7C-4A81-BE39-C187FD121F93}.Release|Any CPU.ActiveCfg = Release|Any CPU
		{8D5031FD-9F7C-4A81-BE39-C187FD121F93}.Release|Any CPU.Build.0 = Release|Any CPU
		{23D25A3A-EBC6-4451-993C-8E52AA0DFE4A}.Debug|Any CPU.ActiveCfg = Debug|Any CPU
		{23D25A3A-EBC6-4451-993C-8E52AA0DFE4A}.Debug|Any CPU.Build.0 = Debug|Any CPU
		{23D25A3A-EBC6-4451-993C-8E52AA0DFE4A}.Release|Any CPU.ActiveCfg = Release|Any CPU
		{23D25A3A-EBC6-4451-993C-8E52AA0DFE4A}.Release|Any CPU.Build.0 = Release|Any CPU
		{CA63203B-75DE-4C6F-BD43-6614D0975A01}.Debug|Any CPU.ActiveCfg = Debug|Any CPU
		{CA63203B-75DE-4C6F-BD43-6614D0975A01}.Debug|Any CPU.Build.0 = Debug|Any CPU
		{CA63203B-75DE-4C6F-BD43-6614D0975A01}.Release|Any CPU.ActiveCfg = Release|Any CPU
		{CA63203B-75DE-4C6F-BD43-6614D0975A01}.Release|Any CPU.Build.0 = Release|Any CPU
		{F0CE284C-06B8-4046-9400-C8353438862B}.Debug|Any CPU.ActiveCfg = Debug|Any CPU
		{F0CE284C-06B8-4046-9400-C8353438862B}.Debug|Any CPU.Build.0 = Debug|Any CPU
		{F0CE284C-06B8-4046-9400-C8353438862B}.Release|Any CPU.ActiveCfg = Release|Any CPU
		{F0CE284C-06B8-4046-9400-C8353438862B}.Release|Any CPU.Build.0 = Release|Any CPU
		{F5C29057-4F4C-4653-A2B4-0811E2D635C1}.Debug|Any CPU.ActiveCfg = Debug|Any CPU
		{F5C29057-4F4C-4653-A2B4-0811E2D635C1}.Debug|Any CPU.Build.0 = Debug|Any CPU
		{F5C29057-4F4C-4653-A2B4-0811E2D635C1}.Release|Any CPU.ActiveCfg = Release|Any CPU
		{F5C29057-4F4C-4653-A2B4-0811E2D635C1}.Release|Any CPU.Build.0 = Release|Any CPU
		{FB8CC497-F214-421F-A431-17D6CBAFF100}.Debug|Any CPU.ActiveCfg = Debug|Any CPU
		{FB8CC497-F214-421F-A431-17D6CBAFF100}.Debug|Any CPU.Build.0 = Debug|Any CPU
		{FB8CC497-F214-421F-A431-17D6CBAFF100}.Release|Any CPU.ActiveCfg = Release|Any CPU
		{FB8CC497-F214-421F-A431-17D6CBAFF100}.Release|Any CPU.Build.0 = Release|Any CPU
	EndGlobalSection
	GlobalSection(SolutionProperties) = preSolution
		HideSolutionNode = FALSE
	EndGlobalSection
	GlobalSection(NestedProjects) = preSolution
		{6708523F-0884-4D05-AA6A-1289AB6DD3BD} = {8663B0BF-3BC1-4D7D-AB48-C81C9F9A40B5}
		{BB493842-3309-4302-89A7-72CB15921418} = {6708523F-0884-4D05-AA6A-1289AB6DD3BD}
		{931C82BC-7252-46CA-9A4A-550D00435E63} = {8663B0BF-3BC1-4D7D-AB48-C81C9F9A40B5}
		{4D451DCA-A8E7-43FC-949E-432990C1377F} = {6708523F-0884-4D05-AA6A-1289AB6DD3BD}
		{62965FB6-2E8A-4773-A48B-C432E3DDF92F} = {6708523F-0884-4D05-AA6A-1289AB6DD3BD}
		{8ED111FE-ABE3-40C9-B35A-E42266290A1E} = {8663B0BF-3BC1-4D7D-AB48-C81C9F9A40B5}
		{18F41DBD-E038-4FBC-A139-9886CFEE7621} = {8ED111FE-ABE3-40C9-B35A-E42266290A1E}
		{C0CF8A2A-F5C4-488B-9C1E-D3A0F7034DF7} = {8ED111FE-ABE3-40C9-B35A-E42266290A1E}
		{5329BB23-8CB0-4677-A451-C4BF99F5672D} = {8663B0BF-3BC1-4D7D-AB48-C81C9F9A40B5}
		{0B65C31E-E045-4E4E-B78E-8A0E25A834B4} = {5329BB23-8CB0-4677-A451-C4BF99F5672D}
		{7FE8CC81-10B9-4D3A-A227-5EBBF3E75ECA} = {5329BB23-8CB0-4677-A451-C4BF99F5672D}
		{8D5031FD-9F7C-4A81-BE39-C187FD121F93} = {5329BB23-8CB0-4677-A451-C4BF99F5672D}
		{1F1E7367-7D8D-4421-AAD8-6588AAD1CC02} = {8663B0BF-3BC1-4D7D-AB48-C81C9F9A40B5}
		{23D25A3A-EBC6-4451-993C-8E52AA0DFE4A} = {1F1E7367-7D8D-4421-AAD8-6588AAD1CC02}
		{CA63203B-75DE-4C6F-BD43-6614D0975A01} = {1F1E7367-7D8D-4421-AAD8-6588AAD1CC02}
		{F0CE284C-06B8-4046-9400-C8353438862B} = {1F1E7367-7D8D-4421-AAD8-6588AAD1CC02}
		{F5C29057-4F4C-4653-A2B4-0811E2D635C1} = {8663B0BF-3BC1-4D7D-AB48-C81C9F9A40B5}
		{FB8CC497-F214-421F-A431-17D6CBAFF100} = {8663B0BF-3BC1-4D7D-AB48-C81C9F9A40B5}
	EndGlobalSection
	GlobalSection(ExtensibilityGlobals) = postSolution
		SolutionGuid = {CA632E38-AD91-47B2-BA43-2D5396FA39BC}
	EndGlobalSection
EndGlobal
